github.com/onsi/gomega v1.5.0 h1:izbySO9zDPmjJ8rDjLvkA2zJHIo+HkYXHnf7eN7SSyo=
github.com/serverscom/serverscom-go-client v1.0.0 h1:MRepqypAO9S/So31eZxZIZVCBc1CL5rJz5lCM6BEuhM=
github.com/serverscom/serverscom-go-client v1.0.0/go.mod h1:gf/nEjqQmJ3WazqK8GxodO2i1advhWRc+iVLVUC2Ttc=
golang.org/x/net v0.0.0-20200226121028-0de0cce0169b h1:0mm1VjtFUOIlE1SbDlwjYaDxZVDP2S5ou6y0gSgXHu8=
golang.org/x/text v0.3.0 h1:g61tztE5qeGQ89tm6NTjjM9VPIm088od1l6aSorWRWg=
gopkg.in/yaml.v2 v2.2.1 h1:mUhvW9EsL+naU5Q3cakzfE91YhliOondGd6ZrsDBHQE=
